
Microsoft Visual Studio Solution File, Format Version 12.00
# Visual Studio Version 16
VisualStudioVersion = 16.0.31729.503
MinimumVisualStudioVersion = 10.0.40219.1
Project("{FAE04EC0-301F-11D3-BF4B-00C04F79EFBC}") = "123PayApp", "123PayApp.csproj", "{0CCF85D3-3E75-49BF-A35C-61CA5BACD453}"
EndProject
Global
	GlobalSection(SolutionConfigurationPlatforms) = preSolution
		Debug|Any CPU = Debug|Any CPU
		Release|Any CPU = Release|Any CPU
	EndGlobalSection
	GlobalSection(ProjectConfigurationPlatforms) = postSolution
		{0CCF85D3-3E75-49BF-A35C-61CA5BACD453}.Debug|Any CPU.ActiveCfg = Debug|Any CPU
		{0CCF85D3-3E75-49BF-A35C-61CA5BACD453}.Debug|Any CPU.Build.0 = Debug|Any CPU
		{0CCF85D3-3E75-49BF-A35C-61CA5BACD453}.Release|Any CPU.ActiveCfg = Release|Any CPU
		{0CCF85D3-3E75-49BF-A35C-61CA5BACD453}.Release|Any CPU.Build.0 = Release|Any CPU
	EndGlobalSection
	GlobalSection(SolutionProperties) = preSolution
		HideSolutionNode = FALSE
	EndGlobalSection
	GlobalSection(ExtensibilityGlobals) = postSolution
		SolutionGuid = {CD636BB4-3938-47D6-91C3-D498D2CBD911}
	EndGlobalSection
EndGlobal
